// !$*UTF8*$!
{
	archiveVersion = 1;
	classes = {
	};
	objectVersion = 50;
	objects = {

/* Begin PBXBuildFile section */
		122463914758260A40134217 /* Pods_AnimationApp.framework in Frameworks */ = {isa = PBXBuildFile; fileRef = 48F82C0DB042C5FC04751F7F /* Pods_AnimationApp.framework */; };
		7B59015F26F9D810007D42D1 /* AppDelegate.swift in Sources */ = {isa = PBXBuildFile; fileRef = 7B59015E26F9D810007D42D1 /* AppDelegate.swift */; };
		7B59016126F9D810007D42D1 /* SceneDelegate.swift in Sources */ = {isa = PBXBuildFile; fileRef = 7B59016026F9D810007D42D1 /* SceneDelegate.swift */; };
		7B59016326F9D810007D42D1 /* ViewController.swift in Sources */ = {isa = PBXBuildFile; fileRef = 7B59016226F9D810007D42D1 /* ViewController.swift */; };
		7B59016626F9D810007D42D1 /* Main.storyboard in Resources */ = {isa = PBXBuildFile; fileRef = 7B59016426F9D810007D42D1 /* Main.storyboard */; };
		7B59016826F9D813007D42D1 /* Assets.xcassets in Resources */ = {isa = PBXBuildFile; fileRef = 7B59016726F9D813007D42D1 /* Assets.xcassets */; };
		7B59016B26F9D813007D42D1 /* LaunchScreen.storyboard in Resources */ = {isa = PBXBuildFile; fileRef = 7B59016926F9D813007D42D1 /* LaunchScreen.storyboard */; };
		7B59017926F9D96E007D42D1 /* DataSource.swift in Sources */ = {isa = PBXBuildFile; fileRef = 7B59017826F9D96E007D42D1 /* DataSource.swift */; };
		7B59017B26F9D98C007D42D1 /* Animation.swift in Sources */ = {isa = PBXBuildFile; fileRef = 7B59017A26F9D98C007D42D1 /* Animation.swift */; };
/* End PBXBuildFile section */

/* Begin PBXFileReference section */
		26F8A97123029B2CE90976DB /* Pods-AnimationApp.release.xcconfig */ = {isa = PBXFileReference; includeInIndex = 1; lastKnownFileType = text.xcconfig; name = "Pods-AnimationApp.release.xcconfig"; path = "Target Support Files/Pods-AnimationApp/Pods-AnimationApp.release.xcconfig"; sourceTree = "<group>"; };
		48F82C0DB042C5FC04751F7F /* Pods_AnimationApp.framework */ = {isa = PBXFileReference; explicitFileType = wrapper.framework; includeInIndex = 0; path = Pods_AnimationApp.framework; sourceTree = BUILT_PRODUCTS_DIR; };
		7B59015B26F9D810007D42D1 /* AnimationApp.app */ = {isa = PBXFileReference; explicitFileType = wrapper.application; includeInIndex = 0; path = AnimationApp.app; sourceTree = BUILT_PRODUCTS_DIR; };
		7B59015E26F9D810007D42D1 /* AppDelegate.swift */ = {isa = PBXFileReference; lastKnownFileType = sourcecode.swift; path = AppDelegate.swift; sourceTree = "<group>"; };
		7B59016026F9D810007D42D1 /* SceneDelegate.swift */ = {isa = PBXFileReference; lastKnownFileType = sourcecode.swift; path = SceneDelegate.swift; sourceTree = "<group>"; };
		7B59016226F9D810007D42D1 /* ViewController.swift */ = {isa = PBXFileReference; lastKnownFileType = sourcecode.swift; path = ViewController.swift; sourceTree = "<group>"; };
		7B59016526F9D810007D42D1 /* Base */ = {isa = PBXFileReference; lastKnownFileType = file.storyboard; name = Base; path = Base.lproj/Main.storyboard; sourceTree = "<group>"; };
		7B59016726F9D813007D42D1 /* Assets.xcassets */ = {isa = PBXFileReference; lastKnownFileType = folder.assetcatalog; path = Assets.xcassets; sourceTree = "<group>"; };
		7B59016A26F9D813007D42D1 /* Base */ = {isa = PBXFileReference; lastKnownFileType = file.storyboard; name = Base; path = Base.lproj/LaunchScreen.storyboard; sourceTree = "<group>"; };
		7B59016C26F9D813007D42D1 /* Info.plist */ = {isa = PBXFileReference; lastKnownFileType = text.plist.xml; path = Info.plist; sourceTree = "<group>"; };
		7B59017826F9D96E007D42D1 /* DataSource.swift */ = {isa = PBXFileReference; lastKnownFileType = sourcecode.swift; path = DataSource.swift; sourceTree = "<group>"; };
		7B59017A26F9D98C007D42D1 /* Animation.swift */ = {isa = PBXFileReference; lastKnownFileType = sourcecode.swift; path = Animation.swift; sourceTree = "<group>"; };
		B7491232F7D93D7D485BD455 /* Pods-AnimationApp.debug.xcconfig */ = {isa = PBXFileReference; includeInIndex = 1; lastKnownFileType = text.xcconfig; name = "Pods-AnimationApp.debug.xcconfig"; path = "Target Support Files/Pods-AnimationApp/Pods-AnimationApp.debug.xcconfig"; sourceTree = "<group>"; };
/* End PBXFileReference section */

/* Begin PBXFrameworksBuildPhase section */
		7B59015826F9D810007D42D1 /* Frameworks */ = {
			isa = PBXFrameworksBuildPhase;
			buildActionMask = 2147483647;
			files = (
				122463914758260A40134217 /* Pods_AnimationApp.framework in Frameworks */,
			);
			runOnlyForDeploymentPostprocessing = 0;
		};
/* End PBXFrameworksBuildPhase section */

/* Begin PBXGroup section */
		6211B9C85BA8AF4859D2CD4F /* Frameworks */ = {
			isa = PBXGroup;
			children = (
				48F82C0DB042C5FC04751F7F /* Pods_AnimationApp.framework */,
			);
			name = Frameworks;
			sourceTree = "<group>";
		};
		7B59015226F9D810007D42D1 = {
			isa = PBXGroup;
			children = (
				7B59015D26F9D810007D42D1 /* AnimationApp */,
				7B59015C26F9D810007D42D1 /* Products */,
				A5BFD774EC3106C4A48BC52F /* Pods */,
				6211B9C85BA8AF4859D2CD4F /* Frameworks */,
			);
			sourceTree = "<group>";
		};
		7B59015C26F9D810007D42D1 /* Products */ = {
			isa = PBXGroup;
			children = (
				7B59015B26F9D810007D42D1 /* AnimationApp.app */,
			);
			name = Products;
			sourceTree = "<group>";
		};
		7B59015D26F9D810007D42D1 /* AnimationApp */ = {
			isa = PBXGroup;
			children = (
				7B59017326F9D83A007D42D1 /* ViewControllers */,
				7B59017426F9D849007D42D1 /* Storyboards */,
				7B59017626F9D869007D42D1 /* Models */,
				7B59017726F9D878007D42D1 /* Services */,
				7B59017526F9D854007D42D1 /* Sources */,
				7B59017226F9D831007D42D1 /* App */,
			);
			path = AnimationApp;
			sourceTree = "<group>";
		};
		7B59017226F9D831007D42D1 /* App */ = {
			isa = PBXGroup;
			children = (
				7B59015E26F9D810007D42D1 /* AppDelegate.swift */,
				7B59016026F9D810007D42D1 /* SceneDelegate.swift */,
				7B59016C26F9D813007D42D1 /* Info.plist */,
			);
			path = App;
			sourceTree = "<group>";
		};
		7B59017326F9D83A007D42D1 /* ViewControllers */ = {
			isa = PBXGroup;
			children = (
				7B59016226F9D810007D42D1 /* ViewController.swift */,
			);
			path = ViewControllers;
			sourceTree = "<group>";
		};
		7B59017426F9D849007D42D1 /* Storyboards */ = {
			isa = PBXGroup;
			children = (
				7B59016426F9D810007D42D1 /* Main.storyboard */,
				7B59016926F9D813007D42D1 /* LaunchScreen.storyboard */,
			);
			path = Storyboards;
			sourceTree = "<group>";
		};
		7B59017526F9D854007D42D1 /* Sources */ = {
			isa = PBXGroup;
			children = (
				7B59016726F9D813007D42D1 /* Assets.xcassets */,
			);
			path = Sources;
			sourceTree = "<group>";
		};
		7B59017626F9D869007D42D1 /* Models */ = {
			isa = PBXGroup;
			children = (
				7B59017A26F9D98C007D42D1 /* Animation.swift */,
			);
			path = Models;
			sourceTree = "<group>";
		};
		7B59017726F9D878007D42D1 /* Services */ = {
			isa = PBXGroup;
			children = (
				7B59017826F9D96E007D42D1 /* DataSource.swift */,
			);
			path = Services;
			sourceTree = "<group>";
		};
		A5BFD774EC3106C4A48BC52F /* Pods */ = {
			isa = PBXGroup;
			children = (
				B7491232F7D93D7D485BD455 /* Pods-AnimationApp.debug.xcconfig */,
				26F8A97123029B2CE90976DB /* Pods-AnimationApp.release.xcconfig */,
			);
			name = Pods;
			path = Pods;
			sourceTree = "<group>";
		};
/* End PBXGroup section */

/* Begin PBXNativeTarget section */
		7B59015A26F9D810007D42D1 /* AnimationApp */ = {
			isa = PBXNativeTarget;
			buildConfigurationList = 7B59016F26F9D813007D42D1 /* Build configuration list for PBXNativeTarget "AnimationApp" */;
			buildPhases = (
				FC47CE76D3016CCC958D0CA3 /* [CP] Check Pods Manifest.lock */,
				7B59015726F9D810007D42D1 /* Sources */,
				7B59015826F9D810007D42D1 /* Frameworks */,
				7B59015926F9D810007D42D1 /* Resources */,
				6AC02FCB24CEDAF4A1514311 /* [CP] Embed Pods Frameworks */,
			);
			buildRules = (
			);
			dependencies = (
			);
			name = AnimationApp;
			productName = AnimationApp;
			productReference = 7B59015B26F9D810007D42D1 /* AnimationApp.app */;
			productType = "com.apple.product-type.application";
		};
/* End PBXNativeTarget section */

/* Begin PBXProject section */
		7B59015326F9D810007D42D1 /* Project object */ = {
			isa = PBXProject;
			attributes = {
				LastSwiftUpdateCheck = 1250;
				LastUpgradeCheck = 1250;
				TargetAttributes = {
					7B59015A26F9D810007D42D1 = {
						CreatedOnToolsVersion = 12.5.1;
					};
				};
			};
			buildConfigurationList = 7B59015626F9D810007D42D1 /* Build configuration list for PBXProject "AnimationApp" */;
			compatibilityVersion = "Xcode 9.3";
			developmentRegion = en;
			hasScannedForEncodings = 0;
			knownRegions = (
				en,
				Base,
			);
			mainGroup = 7B59015226F9D810007D42D1;
			productRefGroup = 7B59015C26F9D810007D42D1 /* Products */;
			projectDirPath = "";
			projectRoot = "";
			targets = (
				7B59015A26F9D810007D42D1 /* AnimationApp */,
			);
		};
/* End PBXProject section */

/* Begin PBXResourcesBuildPhase section */
		7B59015926F9D810007D42D1 /* Resources */ = {
			isa = PBXResourcesBuildPhase;
			buildActionMask = 2147483647;
			files = (
				7B59016B26F9D813007D42D1 /* LaunchScreen.storyboard in Resources */,
				7B59016826F9D813007D42D1 /* Assets.xcassets in Resources */,
				7B59016626F9D810007D42D1 /* Main.storyboard in Resources */,
			);
			runOnlyForDeploymentPostprocessing = 0;
		};
/* End PBXResourcesBuildPhase section */

/* Begin PBXShellScriptBuildPhase section */
		6AC02FCB24CEDAF4A1514311 /* [CP] Embed Pods Frameworks */ = {
			isa = PBXShellScriptBuildPhase;
			buildActionMask = 2147483647;
			files = (
			);
			inputFileListPaths = (
				"${PODS_ROOT}/Target Support Files/Pods-AnimationApp/Pods-AnimationApp-frameworks-${CONFIGURATION}-input-files.xcfilelist",
			);
			name = "[CP] Embed Pods Frameworks";
			outputFileListPaths = (
				"${PODS_ROOT}/Target Support Files/Pods-AnimationApp/Pods-AnimationApp-frameworks-${CONFIGURATION}-output-files.xcfilelist",
			);
			runOnlyForDeploymentPostprocessing = 0;
			shellPath = /bin/sh;
			shellScript = "\"${PODS_ROOT}/Target Support Files/Pods-AnimationApp/Pods-AnimationApp-frameworks.sh\"\n";
			showEnvVarsInLog = 0;
		};
		FC47CE76D3016CCC958D0CA3 /* [CP] Check Pods Manifest.lock */ = {
			isa = PBXShellScriptBuildPhase;
			buildActionMask = 2147483647;
			files = (
			);
			inputFileListPaths = (
			);
			inputPaths = (
				"${PODS_PODFILE_DIR_PATH}/Podfile.lock",
				"${PODS_ROOT}/Manifest.lock",
			);
			name = "[CP] Check Pods Manifest.lock";
			outputFileListPaths = (
			);
			outputPaths = (
				"$(DERIVED_FILE_DIR)/Pods-AnimationApp-checkManifestLockResult.txt",
			);
			runOnlyForDeploymentPostprocessing = 0;
			shellPath = /bin/sh;
			shellScript = "diff \"${PODS_PODFILE_DIR_PATH}/Podfile.lock\" \"${PODS_ROOT}/Manifest.lock\" > /dev/null\nif [ $? != 0 ] ; then\n    # print error to STDERR\n    echo \"error: The sandbox is not in sync with the Podfile.lock. Run 'pod install' or update your CocoaPods installation.\" >&2\n    exit 1\nfi\n# This output is used by Xcode 'outputs' to avoid re-running this script phase.\necho \"SUCCESS\" > \"${SCRIPT_OUTPUT_FILE_0}\"\n";
			showEnvVarsInLog = 0;
		};
/* End PBXShellScriptBuildPhase section */

/* Begin PBXSourcesBuildPhase section */
		7B59015726F9D810007D42D1 /* Sources */ = {
			isa = PBXSourcesBuildPhase;
			buildActionMask = 2147483647;
			files = (
				7B59016326F9D810007D42D1 /* ViewController.swift in Sources */,
				7B59015F26F9D810007D42D1 /* AppDelegate.swift in Sources */,
				7B59017926F9D96E007D42D1 /* DataSource.swift in Sources */,
				7B59017B26F9D98C007D42D1 /* Animation.swift in Sources */,
				7B59016126F9D810007D42D1 /* SceneDelegate.swift in Sources */,
			);
			runOnlyForDeploymentPostprocessing = 0;
		};
/* End PBXSourcesBuildPhase section */

/* Begin PBXVariantGroup section */
		7B59016426F9D810007D42D1 /* Main.storyboard */ = {
			isa = PBXVariantGroup;
			children = (
				7B59016526F9D810007D42D1 /* Base */,
			);
			name = Main.storyboard;
			sourceTree = "<group>";
		};
		7B59016926F9D813007D42D1 /* LaunchScreen.storyboard */ = {
			isa = PBXVariantGroup;
			children = (
				7B59016A26F9D813007D42D1 /* Base */,
			);
			name = LaunchScreen.storyboard;
			sourceTree = "<group>";
		};
/* End PBXVariantGroup section */

/* Begin XCBuildConfiguration section */
		7B59016D26F9D813007D42D1 /* Debug */ = {
			isa = XCBuildConfiguration;
			buildSettings = {
				ALWAYS_SEARCH_USER_PATHS = NO;
				CLANG_ANALYZER_NONNULL = YES;
				CLANG_ANALYZER_NUMBER_OBJECT_CONVERSION = YES_AGGRESSIVE;
				CLANG_CXX_LANGUAGE_STANDARD = "gnu++14";
				CLANG_CXX_LIBRARY = "libc++";
				CLANG_ENABLE_MODULES = YES;
				CLANG_ENABLE_OBJC_ARC = YES;
				CLANG_ENABLE_OBJC_WEAK = YES;
				CLANG_WARN_BLOCK_CAPTURE_AUTORELEASING = YES;
				CLANG_WARN_BOOL_CONVERSION = YES;
				CLANG_WARN_COMMA = YES;
				CLANG_WARN_CONSTANT_CONVERSION = YES;
				CLANG_WARN_DEPRECATED_OBJC_IMPLEMENTATIONS = YES;
				CLANG_WARN_DIRECT_OBJC_ISA_USAGE = YES_ERROR;
				CLANG_WARN_DOCUMENTATION_COMMENTS = YES;
				CLANG_WARN_EMPTY_BODY = YES;
				CLANG_WARN_ENUM_CONVERSION = YES;
				CLANG_WARN_INFINITE_RECURSION = YES;
				CLANG_WARN_INT_CONVERSION = YES;
				CLANG_WARN_NON_LITERAL_NULL_CONVERSION = YES;
				CLANG_WARN_OBJC_IMPLICIT_RETAIN_SELF = YES;
				CLANG_WARN_OBJC_LITERAL_CONVERSION = YES;
				CLANG_WARN_OBJC_ROOT_CLASS = YES_ERROR;
				CLANG_WARN_QUOTED_INCLUDE_IN_FRAMEWORK_HEADER = YES;
				CLANG_WARN_RANGE_LOOP_ANALYSIS = YES;
				CLANG_WARN_STRICT_PROTOTYPES = YES;
				CLANG_WARN_SUSPICIOUS_MOVE = YES;
				CLANG_WARN_UNGUARDED_AVAILABILITY = YES_AGGRESSIVE;
				CLANG_WARN_UNREACHABLE_CODE = YES;
				CLANG_WARN__DUPLICATE_METHOD_MATCH = YES;
				COPY_PHASE_STRIP = NO;
				DEBUG_INFORMATION_FORMAT = dwarf;
				ENABLE_STRICT_OBJC_MSGSEND = YES;
				ENABLE_TESTABILITY = YES;
				GCC_C_LANGUAGE_STANDARD = gnu11;
				GCC_DYNAMIC_NO_PIC = NO;
				GCC_NO_COMMON_BLOCKS = YES;
				GCC_OPTIMIZATION_LEVEL = 0;
				GCC_PREPROCESSOR_DEFINITIONS = (
					"DEBUG=1",
					"$(inherited)",
				);
				GCC_WARN_64_TO_32_BIT_CONVERSION = YES;
				GCC_WARN_ABOUT_RETURN_TYPE = YES_ERROR;
				GCC_WARN_UNDECLARED_SELECTOR = YES;
				GCC_WARN_UNINITIALIZED_AUTOS = YES_AGGRESSIVE;
				GCC_WARN_UNUSED_FUNCTION = YES;
				GCC_WARN_UNUSED_VARIABLE = YES;
				IPHONEOS_DEPLOYMENT_TARGET = 14.5;
				MTL_ENABLE_DEBUG_INFO = INCLUDE_SOURCE;
				MTL_FAST_MATH = YES;
				ONLY_ACTIVE_ARCH = YES;
				SDKROOT = iphoneos;
				SWIFT_ACTIVE_COMPILATION_CONDITIONS = DEBUG;
				SWIFT_OPTIMIZATION_LEVEL = "-Onone";
			};
			name = Debug;
		};
		7B59016E26F9D813007D42D1 /* Release */ = {
			isa = XCBuildConfiguration;
			buildSettings = {
				ALWAYS_SEARCH_USER_PATHS = NO;
				CLANG_ANALYZER_NONNULL = YES;
				CLANG_ANALYZER_NUMBER_OBJECT_CONVERSION = YES_AGGRESSIVE;
				CLANG_CXX_LANGUAGE_STANDARD = "gnu++14";
				CLANG_CXX_LIBRARY = "libc++";
				CLANG_ENABLE_MODULES = YES;
				CLANG_ENABLE_OBJC_ARC = YES;
				CLANG_ENABLE_OBJC_WEAK = YES;
				CLANG_WARN_BLOCK_CAPTURE_AUTORELEASING = YES;
				CLANG_WARN_BOOL_CONVERSION = YES;
				CLANG_WARN_COMMA = YES;
				CLANG_WARN_CONSTANT_CONVERSION = YES;
				CLANG_WARN_DEPRECATED_OBJC_IMPLEMENTATIONS = YES;
				CLANG_WARN_DIRECT_OBJC_ISA_USAGE = YES_ERROR;
				CLANG_WARN_DOCUMENTATION_COMMENTS = YES;
				CLANG_WARN_EMPTY_BODY = YES;
				CLANG_WARN_ENUM_CONVERSION = YES;
				CLANG_WARN_INFINITE_RECURSION = YES;
				CLANG_WARN_INT_CONVERSION = YES;
				CLANG_WARN_NON_LITERAL_NULL_CONVERSION = YES;
				CLANG_WARN_OBJC_IMPLICIT_RETAIN_SELF = YES;
				CLANG_WARN_OBJC_LITERAL_CONVERSION = YES;
				CLANG_WARN_OBJC_ROOT_CLASS = YES_ERROR;
				CLANG_WARN_QUOTED_INCLUDE_IN_FRAMEWORK_HEADER = YES;
				CLANG_WARN_RANGE_LOOP_ANALYSIS = YES;
				CLANG_WARN_STRICT_PROTOTYPES = YES;
				CLANG_WARN_SUSPICIOUS_MOVE = YES;
				CLANG_WARN_UNGUARDED_AVAILABILITY = YES_AGGRESSIVE;
				CLANG_WARN_UNREACHABLE_CODE = YES;
				CLANG_WARN__DUPLICATE_METHOD_MATCH = YES;
				COPY_PHASE_STRIP = NO;
				DEBUG_INFORMATION_FORMAT = "dwarf-with-dsym";
				ENABLE_NS_ASSERTIONS = NO;
				ENABLE_STRICT_OBJC_MSGSEND = YES;
				GCC_C_LANGUAGE_STANDARD = gnu11;
				GCC_NO_COMMON_BLOCKS = YES;
				GCC_WARN_64_TO_32_BIT_CONVERSION = YES;
				GCC_WARN_ABOUT_RETURN_TYPE = YES_ERROR;
				GCC_WARN_UNDECLARED_SELECTOR = YES;
				GCC_WARN_UNINITIALIZED_AUTOS = YES_AGGRESSIVE;
				GCC_WARN_UNUSED_FUNCTION = YES;
				GCC_WARN_UNUSED_VARIABLE = YES;
				IPHONEOS_DEPLOYMENT_TARGET = 14.5;
				MTL_ENABLE_DEBUG_INFO = NO;
				MTL_FAST_MATH = YES;
				SDKROOT = iphoneos;
				SWIFT_COMPILATION_MODE = wholemodule;
				SWIFT_OPTIMIZATION_LEVEL = "-O";
				VALIDATE_PRODUCT = YES;
			};
			name = Release;
		};
		7B59017026F9D813007D42D1 /* Debug */ = {
			isa = XCBuildConfiguration;
			baseConfigurationReference = B7491232F7D93D7D485BD455 /* Pods-AnimationApp.debug.xcconfig */;
			buildSettings = {
				ASSETCATALOG_COMPILER_APPICON_NAME = AppIcon;
				ASSETCATALOG_COMPILER_GLOBAL_ACCENT_COLOR_NAME = AccentColor;
				CODE_SIGN_STYLE = Automatic;
				DEVELOPMENT_TEAM = J64K7CHM53;
				INFOPLIST_FILE = AnimationApp/App/Info.plist;
				LD_RUNPATH_SEARCH_PATHS = (
					"$(inherited)",
					"@executable_path/Frameworks",
				);
				PRODUCT_BUNDLE_IDENTIFIER = ru.swiftbook.AnimationApp;
				PRODUCT_NAME = "$(TARGET_NAME)";
				SWIFT_VERSION = 5.0;
				TARGETED_DEVICE_FAMILY = "1,2";
			};
			name = Debug;
		};
		7B59017126F9D813007D42D1 /* Release */ = {
			isa = XCBuildConfiguration;
			baseConfigurationReference = 26F8A97123029B2CE90976DB /* Pods-AnimationApp.release.xcconfig */;
			buildSettings = {
				ASSETCATALOG_COMPILER_APPICON_NAME = AppIcon;
				ASSETCATALOG_COMPILER_GLOBAL_ACCENT_COLOR_NAME = AccentColor;
				CODE_SIGN_STYLE = Automatic;
				DEVELOPMENT_TEAM = J64K7CHM53;
				INFOPLIST_FILE = AnimationApp/App/Info.plist;
				LD_RUNPATH_SEARCH_PATHS = (
					"$(inherited)",
					"@executable_path/Frameworks",
				);
				PRODUCT_BUNDLE_IDENTIFIER = ru.swiftbook.AnimationApp;
				PRODUCT_NAME = "$(TARGET_NAME)";
				SWIFT_VERSION = 5.0;
				TARGETED_DEVICE_FAMILY = "1,2";
			};
			name = Release;
		};
/* End XCBuildConfiguration section */

/* Begin XCConfigurationList section */
		7B59015626F9D810007D42D1 /* Build configuration list for PBXProject "AnimationApp" */ = {
			isa = XCConfigurationList;
			buildConfigurations = (
				7B59016D26F9D813007D42D1 /* Debug */,
				7B59016E26F9D813007D42D1 /* Release */,
			);
			defaultConfigurationIsVisible = 0;
			defaultConfigurationName = Release;
		};
		7B59016F26F9D813007D42D1 /* Build configuration list for PBXNativeTarget "AnimationApp" */ = {
			isa = XCConfigurationList;
			buildConfigurations = (
				7B59017026F9D813007D42D1 /* Debug */,
				7B59017126F9D813007D42D1 /* Release */,
			);
			defaultConfigurationIsVisible = 0;
			defaultConfigurationName = Release;
		};
/* End XCConfigurationList section */
	};
	rootObject = 7B59015326F9D810007D42D1 /* Project object */;
}
